
Microsoft Visual Studio Solution File, Format Version 12.00
# Visual Studio Version 17
VisualStudioVersion = 17.0.31919.166
MinimumVisualStudioVersion = 10.0.40219.1
Project("{9A19103F-16F7-4668-BE54-9A1E7A4F7556}") = "DataAccessLibrary", "DataAccessLibrary\DataAccessLibrary.csproj", "{162ADD1E-4793-450E-BDC7-65F51F62279D}"
EndProject
Project("{9A19103F-16F7-4668-BE54-9A1E7A4F7556}") = "M5Blz", "M5Blz\M5Blz.csproj", "{2B1C2A13-8B6F-43D6-B04B-513DECFA3060}"
EndProject
Global
	GlobalSection(SolutionConfigurationPlatforms) = preSolution
		Debug|Any CPU = Debug|Any CPU
		Release|Any CPU = Release|Any CPU
	EndGlobalSection
	GlobalSection(ProjectConfigurationPlatforms) = postSolution
		{162ADD1E-4793-450E-BDC7-65F51F62279D}.Debug|Any CPU.ActiveCfg = Debug|Any CPU
		{162ADD1E-4793-450E-BDC7-65F51F62279D}.Debug|Any CPU.Build.0 = Debug|Any CPU
		{162ADD1E-4793-450E-BDC7-65F51F62279D}.Release|Any CPU.ActiveCfg = Release|Any CPU
		{162ADD1E-4793-450E-BDC7-65F51F62279D}.Release|Any CPU.Build.0 = Release|Any CPU
		{2B1C2A13-8B6F-43D6-B04B-513DECFA3060}.Debug|Any CPU.ActiveCfg = Debug|Any CPU
		{2B1C2A13-8B6F-43D6-B04B-513DECFA3060}.Debug|Any CPU.Build.0 = Debug|Any CPU
		{2B1C2A13-8B6F-43D6-B04B-513DECFA3060}.Release|Any CPU.ActiveCfg = Release|Any CPU
		{2B1C2A13-8B6F-43D6-B04B-513DECFA3060}.Release|Any CPU.Build.0 = Release|Any CPU
	EndGlobalSection
	GlobalSection(SolutionProperties) = preSolution
		HideSolutionNode = FALSE
	EndGlobalSection
	GlobalSection(ExtensibilityGlobals) = postSolution
		SolutionGuid = {F73C880A-6FFC-4F38-867B-C4198FDE7397}
	EndGlobalSection
EndGlobal
